// !$*UTF8*$!
{
	archiveVersion = 1;
	classes = {
	};
	objectVersion = 56;
	objects = {

/* Begin PBXBuildFile section */
		2303773C2BB8877B00E34BC7 /* CryptoDTO.swift in Sources */ = {isa = PBXBuildFile; fileRef = 2303773B2BB8877B00E34BC7 /* CryptoDTO.swift */; };
		2303773F2BB891A200E34BC7 /* CryptoDTOToCryptoMapper.swift in Sources */ = {isa = PBXBuildFile; fileRef = 2303773E2BB891A200E34BC7 /* CryptoDTOToCryptoMapper.swift */; };
		234D77D72BAB5B080063AFD6 /* CoinGekoApp.swift in Sources */ = {isa = PBXBuildFile; fileRef = 234D77D62BAB5B080063AFD6 /* CoinGekoApp.swift */; };
		234D77DD2BAB5B090063AFD6 /* Assets.xcassets in Resources */ = {isa = PBXBuildFile; fileRef = 234D77DC2BAB5B090063AFD6 /* Assets.xcassets */; };
		234D77E02BAB5B090063AFD6 /* Preview Assets.xcassets in Resources */ = {isa = PBXBuildFile; fileRef = 234D77DF2BAB5B090063AFD6 /* Preview Assets.xcassets */; };
		23608B6B2BB783B700FF5094 /* CryptoListView.swift in Sources */ = {isa = PBXBuildFile; fileRef = 23608B6A2BB783B700FF5094 /* CryptoListView.swift */; };
		23608B6D2BB7850F00FF5094 /* CryptoMock.swift in Sources */ = {isa = PBXBuildFile; fileRef = 23608B6C2BB7850F00FF5094 /* CryptoMock.swift */; };
		23608B6F2BB78FCD00FF5094 /* CryptoRowView.swift in Sources */ = {isa = PBXBuildFile; fileRef = 23608B6E2BB78FCD00FF5094 /* CryptoRowView.swift */; };
		23608B752BB7A2E900FF5094 /* CryptoToCryptoPresentableMapper.swift in Sources */ = {isa = PBXBuildFile; fileRef = 23608B742BB7A2E900FF5094 /* CryptoToCryptoPresentableMapper.swift */; };
		23608B772BB7A50100FF5094 /* CryptoListViewModel.swift in Sources */ = {isa = PBXBuildFile; fileRef = 23608B762BB7A50100FF5094 /* CryptoListViewModel.swift */; };
		23608B7B2BB7A52E00FF5094 /* Crypto.swift in Sources */ = {isa = PBXBuildFile; fileRef = 23608B7A2BB7A52E00FF5094 /* Crypto.swift */; };
		23608B7E2BB7A5DD00FF5094 /* DomainErrorToPresentableError.swift in Sources */ = {isa = PBXBuildFile; fileRef = 23608B7D2BB7A5DD00FF5094 /* DomainErrorToPresentableError.swift */; };
		23608B812BB7A7E400FF5094 /* GetCryptoListUseCase.swift in Sources */ = {isa = PBXBuildFile; fileRef = 23608B802BB7A7E400FF5094 /* GetCryptoListUseCase.swift */; };
		23608B852BB7A85500FF5094 /* CryptoPresentable.swift in Sources */ = {isa = PBXBuildFile; fileRef = 23608B842BB7A85500FF5094 /* CryptoPresentable.swift */; };
		23608B872BB7A88400FF5094 /* CryptoDomainError.swift in Sources */ = {isa = PBXBuildFile; fileRef = 23608B862BB7A88400FF5094 /* CryptoDomainError.swift */; };
		23608B8A2BB7AC2300FF5094 /* File.swift in Sources */ = {isa = PBXBuildFile; fileRef = 23608B892BB7AC2300FF5094 /* File.swift */; };
/* End PBXBuildFile section */

/* Begin PBXFileReference section */
		2303773B2BB8877B00E34BC7 /* CryptoDTO.swift */ = {isa = PBXFileReference; lastKnownFileType = sourcecode.swift; path = CryptoDTO.swift; sourceTree = "<group>"; };
		2303773E2BB891A200E34BC7 /* CryptoDTOToCryptoMapper.swift */ = {isa = PBXFileReference; lastKnownFileType = sourcecode.swift; path = CryptoDTOToCryptoMapper.swift; sourceTree = "<group>"; };
		234D77D32BAB5B080063AFD6 /* CoinGeko.app */ = {isa = PBXFileReference; explicitFileType = wrapper.application; includeInIndex = 0; path = CoinGeko.app; sourceTree = BUILT_PRODUCTS_DIR; };
		234D77D62BAB5B080063AFD6 /* CoinGekoApp.swift */ = {isa = PBXFileReference; lastKnownFileType = sourcecode.swift; path = CoinGekoApp.swift; sourceTree = "<group>"; };
		234D77DC2BAB5B090063AFD6 /* Assets.xcassets */ = {isa = PBXFileReference; lastKnownFileType = folder.assetcatalog; path = Assets.xcassets; sourceTree = "<group>"; };
		234D77DF2BAB5B090063AFD6 /* Preview Assets.xcassets */ = {isa = PBXFileReference; lastKnownFileType = folder.assetcatalog; path = "Preview Assets.xcassets"; sourceTree = "<group>"; };
		23608B6A2BB783B700FF5094 /* CryptoListView.swift */ = {isa = PBXFileReference; lastKnownFileType = sourcecode.swift; path = CryptoListView.swift; sourceTree = "<group>"; };
		23608B6C2BB7850F00FF5094 /* CryptoMock.swift */ = {isa = PBXFileReference; lastKnownFileType = sourcecode.swift; path = CryptoMock.swift; sourceTree = "<group>"; };
		23608B6E2BB78FCD00FF5094 /* CryptoRowView.swift */ = {isa = PBXFileReference; lastKnownFileType = sourcecode.swift; path = CryptoRowView.swift; sourceTree = "<group>"; };
		23608B742BB7A2E900FF5094 /* CryptoToCryptoPresentableMapper.swift */ = {isa = PBXFileReference; lastKnownFileType = sourcecode.swift; path = CryptoToCryptoPresentableMapper.swift; sourceTree = "<group>"; };
		23608B762BB7A50100FF5094 /* CryptoListViewModel.swift */ = {isa = PBXFileReference; lastKnownFileType = sourcecode.swift; path = CryptoListViewModel.swift; sourceTree = "<group>"; };
		23608B7A2BB7A52E00FF5094 /* Crypto.swift */ = {isa = PBXFileReference; lastKnownFileType = sourcecode.swift; path = Crypto.swift; sourceTree = "<group>"; };
		23608B7D2BB7A5DD00FF5094 /* DomainErrorToPresentableError.swift */ = {isa = PBXFileReference; lastKnownFileType = sourcecode.swift; path = DomainErrorToPresentableError.swift; sourceTree = "<group>"; };
		23608B802BB7A7E400FF5094 /* GetCryptoListUseCase.swift */ = {isa = PBXFileReference; lastKnownFileType = sourcecode.swift; path = GetCryptoListUseCase.swift; sourceTree = "<group>"; };
		23608B842BB7A85500FF5094 /* CryptoPresentable.swift */ = {isa = PBXFileReference; lastKnownFileType = sourcecode.swift; path = CryptoPresentable.swift; sourceTree = "<group>"; };
		23608B862BB7A88400FF5094 /* CryptoDomainError.swift */ = {isa = PBXFileReference; lastKnownFileType = sourcecode.swift; path = CryptoDomainError.swift; sourceTree = "<group>"; };
		23608B892BB7AC2300FF5094 /* File.swift */ = {isa = PBXFileReference; lastKnownFileType = sourcecode.swift; path = File.swift; sourceTree = "<group>"; };
/* End PBXFileReference section */

/* Begin PBXFrameworksBuildPhase section */
		234D77D02BAB5B080063AFD6 /* Frameworks */ = {
			isa = PBXFrameworksBuildPhase;
			buildActionMask = 2147483647;
			files = (
			);
			runOnlyForDeploymentPostprocessing = 0;
		};
/* End PBXFrameworksBuildPhase section */

/* Begin PBXGroup section */
		230377382BB8875800E34BC7 /* Data */ = {
			isa = PBXGroup;
			children = (
				230377392BB8876500E34BC7 /* Remote */,
			);
			path = Data;
			sourceTree = "<group>";
		};
		230377392BB8876500E34BC7 /* Remote */ = {
			isa = PBXGroup;
			children = (
				2303773D2BB8919700E34BC7 /* Mappers */,
				2303773A2BB8876A00E34BC7 /* DTOs */,
			);
			path = Remote;
			sourceTree = "<group>";
		};
		2303773A2BB8876A00E34BC7 /* DTOs */ = {
			isa = PBXGroup;
			children = (
				2303773B2BB8877B00E34BC7 /* CryptoDTO.swift */,
			);
			path = DTOs;
			sourceTree = "<group>";
		};
		2303773D2BB8919700E34BC7 /* Mappers */ = {
			isa = PBXGroup;
			children = (
				2303773E2BB891A200E34BC7 /* CryptoDTOToCryptoMapper.swift */,
			);
			path = Mappers;
			sourceTree = "<group>";
		};
		234D77CA2BAB5B080063AFD6 = {
			isa = PBXGroup;
			children = (
				234D77D52BAB5B080063AFD6 /* CoinGeko */,
				234D77D42BAB5B080063AFD6 /* Products */,
			);
			sourceTree = "<group>";
		};
		234D77D42BAB5B080063AFD6 /* Products */ = {
			isa = PBXGroup;
			children = (
				234D77D32BAB5B080063AFD6 /* CoinGeko.app */,
			);
			name = Products;
			sourceTree = "<group>";
		};
		234D77D52BAB5B080063AFD6 /* CoinGeko */ = {
			isa = PBXGroup;
			children = (
				23608B682BB7834500FF5094 /* App */,
				230377382BB8875800E34BC7 /* Data */,
				23608B782BB7A51300FF5094 /* Domain */,
				23608B692BB783A000FF5094 /* Presentation */,
				234D77DC2BAB5B090063AFD6 /* Assets.xcassets */,
				234D77DE2BAB5B090063AFD6 /* Preview Content */,
			);
			path = CoinGeko;
			sourceTree = "<group>";
		};
		234D77DE2BAB5B090063AFD6 /* Preview Content */ = {
			isa = PBXGroup;
			children = (
				234D77DF2BAB5B090063AFD6 /* Preview Assets.xcassets */,
			);
			path = "Preview Content";
			sourceTree = "<group>";
		};
		23608B682BB7834500FF5094 /* App */ = {
			isa = PBXGroup;
			children = (
				234D77D62BAB5B080063AFD6 /* CoinGekoApp.swift */,
			);
			path = App;
			sourceTree = "<group>";
		};
		23608B692BB783A000FF5094 /* Presentation */ = {
			isa = PBXGroup;
			children = (
				23608B822BB7A82B00FF5094 /* Common */,
				23608B702BB7A27400FF5094 /* CryptoList */,
				23608B6C2BB7850F00FF5094 /* CryptoMock.swift */,
			);
			path = Presentation;
			sourceTree = "<group>";
		};
		23608B702BB7A27400FF5094 /* CryptoList */ = {
			isa = PBXGroup;
			children = (
				23608B712BB7A27F00FF5094 /* Models */,
				23608B722BB7A28600FF5094 /* Views */,
				23608B732BB7A28D00FF5094 /* ViewModels */,
			);
			path = CryptoList;
			sourceTree = "<group>";
		};
		23608B712BB7A27F00FF5094 /* Models */ = {
			isa = PBXGroup;
			children = (
				23608B842BB7A85500FF5094 /* CryptoPresentable.swift */,
			);
			path = Models;
			sourceTree = "<group>";
		};
		23608B722BB7A28600FF5094 /* Views */ = {
			isa = PBXGroup;
			children = (
				23608B6A2BB783B700FF5094 /* CryptoListView.swift */,
				23608B6E2BB78FCD00FF5094 /* CryptoRowView.swift */,
			);
			path = Views;
			sourceTree = "<group>";
		};
		23608B732BB7A28D00FF5094 /* ViewModels */ = {
			isa = PBXGroup;
			children = (
				23608B762BB7A50100FF5094 /* CryptoListViewModel.swift */,
			);
			path = ViewModels;
			sourceTree = "<group>";
		};
		23608B782BB7A51300FF5094 /* Domain */ = {
			isa = PBXGroup;
			children = (
				23608B832BB7A84700FF5094 /* Common */,
				23608B7F2BB7A7CB00FF5094 /* UseCases */,
				23608B792BB7A52100FF5094 /* Models */,
			);
			path = Domain;
			sourceTree = "<group>";
		};
		23608B792BB7A52100FF5094 /* Models */ = {
			isa = PBXGroup;
			children = (
				23608B7A2BB7A52E00FF5094 /* Crypto.swift */,
			);
			path = Models;
			sourceTree = "<group>";
		};
		23608B7C2BB7A5CB00FF5094 /* Mappers */ = {
			isa = PBXGroup;
			children = (
				23608B742BB7A2E900FF5094 /* CryptoToCryptoPresentableMapper.swift */,
				23608B7D2BB7A5DD00FF5094 /* DomainErrorToPresentableError.swift */,
			);
			path = Mappers;
			sourceTree = "<group>";
		};
		23608B7F2BB7A7CB00FF5094 /* UseCases */ = {
			isa = PBXGroup;
			children = (
				23608B802BB7A7E400FF5094 /* GetCryptoListUseCase.swift */,
			);
			path = UseCases;
			sourceTree = "<group>";
		};
		23608B822BB7A82B00FF5094 /* Common */ = {
			isa = PBXGroup;
			children = (
				23608B7C2BB7A5CB00FF5094 /* Mappers */,
			);
			path = Common;
			sourceTree = "<group>";
		};
		23608B832BB7A84700FF5094 /* Common */ = {
			isa = PBXGroup;
			children = (
				23608B882BB7ABF900FF5094 /* Mappers */,
				23608B862BB7A88400FF5094 /* CryptoDomainError.swift */,
			);
			path = Common;
			sourceTree = "<group>";
		};
		23608B882BB7ABF900FF5094 /* Mappers */ = {
			isa = PBXGroup;
			children = (
				23608B892BB7AC2300FF5094 /* File.swift */,
			);
			path = Mappers;
			sourceTree = "<group>";
		};
/* End PBXGroup section */

/* Begin PBXNativeTarget section */
		234D77D22BAB5B080063AFD6 /* CoinGeko */ = {
			isa = PBXNativeTarget;
			buildConfigurationList = 234D77E32BAB5B090063AFD6 /* Build configuration list for PBXNativeTarget "CoinGeko" */;
			buildPhases = (
				234D77CF2BAB5B080063AFD6 /* Sources */,
				234D77D02BAB5B080063AFD6 /* Frameworks */,
				234D77D12BAB5B080063AFD6 /* Resources */,
			);
			buildRules = (
			);
			dependencies = (
			);
			name = CoinGeko;
			productName = CoinGeko;
			productReference = 234D77D32BAB5B080063AFD6 /* CoinGeko.app */;
			productType = "com.apple.product-type.application";
		};
/* End PBXNativeTarget section */

/* Begin PBXProject section */
		234D77CB2BAB5B080063AFD6 /* Project object */ = {
			isa = PBXProject;
			attributes = {
				BuildIndependentTargetsInParallel = 1;
				LastSwiftUpdateCheck = 1530;
				LastUpgradeCheck = 1530;
				TargetAttributes = {
					234D77D22BAB5B080063AFD6 = {
						CreatedOnToolsVersion = 15.3;
					};
				};
			};
			buildConfigurationList = 234D77CE2BAB5B080063AFD6 /* Build configuration list for PBXProject "CoinGeko" */;
			compatibilityVersion = "Xcode 14.0";
			developmentRegion = en;
			hasScannedForEncodings = 0;
			knownRegions = (
				en,
				Base,
			);
			mainGroup = 234D77CA2BAB5B080063AFD6;
			productRefGroup = 234D77D42BAB5B080063AFD6 /* Products */;
			projectDirPath = "";
			projectRoot = "";
			targets = (
				234D77D22BAB5B080063AFD6 /* CoinGeko */,
			);
		};
/* End PBXProject section */

/* Begin PBXResourcesBuildPhase section */
		234D77D12BAB5B080063AFD6 /* Resources */ = {
			isa = PBXResourcesBuildPhase;
			buildActionMask = 2147483647;
			files = (
				234D77E02BAB5B090063AFD6 /* Preview Assets.xcassets in Resources */,
				234D77DD2BAB5B090063AFD6 /* Assets.xcassets in Resources */,
			);
			runOnlyForDeploymentPostprocessing = 0;
		};
/* End PBXResourcesBuildPhase section */

/* Begin PBXSourcesBuildPhase section */
		234D77CF2BAB5B080063AFD6 /* Sources */ = {
			isa = PBXSourcesBuildPhase;
			buildActionMask = 2147483647;
			files = (
				23608B812BB7A7E400FF5094 /* GetCryptoListUseCase.swift in Sources */,
				23608B8A2BB7AC2300FF5094 /* File.swift in Sources */,
				23608B752BB7A2E900FF5094 /* CryptoToCryptoPresentableMapper.swift in Sources */,
				23608B772BB7A50100FF5094 /* CryptoListViewModel.swift in Sources */,
				23608B7E2BB7A5DD00FF5094 /* DomainErrorToPresentableError.swift in Sources */,
				23608B872BB7A88400FF5094 /* CryptoDomainError.swift in Sources */,
				234D77D72BAB5B080063AFD6 /* CoinGekoApp.swift in Sources */,
				23608B852BB7A85500FF5094 /* CryptoPresentable.swift in Sources */,
				23608B6B2BB783B700FF5094 /* CryptoListView.swift in Sources */,
				2303773F2BB891A200E34BC7 /* CryptoDTOToCryptoMapper.swift in Sources */,
				2303773C2BB8877B00E34BC7 /* CryptoDTO.swift in Sources */,
				23608B6F2BB78FCD00FF5094 /* CryptoRowView.swift in Sources */,
				23608B7B2BB7A52E00FF5094 /* Crypto.swift in Sources */,
				23608B6D2BB7850F00FF5094 /* CryptoMock.swift in Sources */,
			);
			runOnlyForDeploymentPostprocessing = 0;
		};
/* End PBXSourcesBuildPhase section */

/* Begin XCBuildConfiguration section */
		234D77E12BAB5B090063AFD6 /* Debug */ = {
			isa = XCBuildConfiguration;
			buildSettings = {
				ALWAYS_SEARCH_USER_PATHS = NO;
				ASSETCATALOG_COMPILER_GENERATE_SWIFT_ASSET_SYMBOL_EXTENSIONS = YES;
				CLANG_ANALYZER_NONNULL = YES;
				CLANG_ANALYZER_NUMBER_OBJECT_CONVERSION = YES_AGGRESSIVE;
				CLANG_CXX_LANGUAGE_STANDARD = "gnu++20";
				CLANG_ENABLE_MODULES = YES;
				CLANG_ENABLE_OBJC_ARC = YES;
				CLANG_ENABLE_OBJC_WEAK = YES;
				CLANG_WARN_BLOCK_CAPTURE_AUTORELEASING = YES;
				CLANG_WARN_BOOL_CONVERSION = YES;
				CLANG_WARN_COMMA = YES;
				CLANG_WARN_CONSTANT_CONVERSION = YES;
				CLANG_WARN_DEPRECATED_OBJC_IMPLEMENTATIONS = YES;
				CLANG_WARN_DIRECT_OBJC_ISA_USAGE = YES_ERROR;
				CLANG_WARN_DOCUMENTATION_COMMENTS = YES;
				CLANG_WARN_EMPTY_BODY = YES;
				CLANG_WARN_ENUM_CONVERSION = YES;
				CLANG_WARN_INFINITE_RECURSION = YES;
				CLANG_WARN_INT_CONVERSION = YES;
				CLANG_WARN_NON_LITERAL_NULL_CONVERSION = YES;
				CLANG_WARN_OBJC_IMPLICIT_RETAIN_SELF = YES;
				CLANG_WARN_OBJC_LITERAL_CONVERSION = YES;
				CLANG_WARN_OBJC_ROOT_CLASS = YES_ERROR;
				CLANG_WARN_QUOTED_INCLUDE_IN_FRAMEWORK_HEADER = YES;
				CLANG_WARN_RANGE_LOOP_ANALYSIS = YES;
				CLANG_WARN_STRICT_PROTOTYPES = YES;
				CLANG_WARN_SUSPICIOUS_MOVE = YES;
				CLANG_WARN_UNGUARDED_AVAILABILITY = YES_AGGRESSIVE;
				CLANG_WARN_UNREACHABLE_CODE = YES;
				CLANG_WARN__DUPLICATE_METHOD_MATCH = YES;
				COPY_PHASE_STRIP = NO;
				DEBUG_INFORMATION_FORMAT = dwarf;
				ENABLE_STRICT_OBJC_MSGSEND = YES;
				ENABLE_TESTABILITY = YES;
				ENABLE_USER_SCRIPT_SANDBOXING = YES;
				GCC_C_LANGUAGE_STANDARD = gnu17;
				GCC_DYNAMIC_NO_PIC = NO;
				GCC_NO_COMMON_BLOCKS = YES;
				GCC_OPTIMIZATION_LEVEL = 0;
				GCC_PREPROCESSOR_DEFINITIONS = (
					"DEBUG=1",
					"$(inherited)",
				);
				GCC_WARN_64_TO_32_BIT_CONVERSION = YES;
				GCC_WARN_ABOUT_RETURN_TYPE = YES_ERROR;
				GCC_WARN_UNDECLARED_SELECTOR = YES;
				GCC_WARN_UNINITIALIZED_AUTOS = YES_AGGRESSIVE;
				GCC_WARN_UNUSED_FUNCTION = YES;
				GCC_WARN_UNUSED_VARIABLE = YES;
				IPHONEOS_DEPLOYMENT_TARGET = 17.4;
				LOCALIZATION_PREFERS_STRING_CATALOGS = YES;
				MTL_ENABLE_DEBUG_INFO = INCLUDE_SOURCE;
				MTL_FAST_MATH = YES;
				ONLY_ACTIVE_ARCH = YES;
				SDKROOT = iphoneos;
				SWIFT_ACTIVE_COMPILATION_CONDITIONS = "DEBUG $(inherited)";
				SWIFT_OPTIMIZATION_LEVEL = "-Onone";
			};
			name = Debug;
		};
		234D77E22BAB5B090063AFD6 /* Release */ = {
			isa = XCBuildConfiguration;
			buildSettings = {
				ALWAYS_SEARCH_USER_PATHS = NO;
				ASSETCATALOG_COMPILER_GENERATE_SWIFT_ASSET_SYMBOL_EXTENSIONS = YES;
				CLANG_ANALYZER_NONNULL = YES;
				CLANG_ANALYZER_NUMBER_OBJECT_CONVERSION = YES_AGGRESSIVE;
				CLANG_CXX_LANGUAGE_STANDARD = "gnu++20";
				CLANG_ENABLE_MODULES = YES;
				CLANG_ENABLE_OBJC_ARC = YES;
				CLANG_ENABLE_OBJC_WEAK = YES;
				CLANG_WARN_BLOCK_CAPTURE_AUTORELEASING = YES;
				CLANG_WARN_BOOL_CONVERSION = YES;
				CLANG_WARN_COMMA = YES;
				CLANG_WARN_CONSTANT_CONVERSION = YES;
				CLANG_WARN_DEPRECATED_OBJC_IMPLEMENTATIONS = YES;
				CLANG_WARN_DIRECT_OBJC_ISA_USAGE = YES_ERROR;
				CLANG_WARN_DOCUMENTATION_COMMENTS = YES;
				CLANG_WARN_EMPTY_BODY = YES;
				CLANG_WARN_ENUM_CONVERSION = YES;
				CLANG_WARN_INFINITE_RECURSION = YES;
				CLANG_WARN_INT_CONVERSION = YES;
				CLANG_WARN_NON_LITERAL_NULL_CONVERSION = YES;
				CLANG_WARN_OBJC_IMPLICIT_RETAIN_SELF = YES;
				CLANG_WARN_OBJC_LITERAL_CONVERSION = YES;
				CLANG_WARN_OBJC_ROOT_CLASS = YES_ERROR;
				CLANG_WARN_QUOTED_INCLUDE_IN_FRAMEWORK_HEADER = YES;
				CLANG_WARN_RANGE_LOOP_ANALYSIS = YES;
				CLANG_WARN_STRICT_PROTOTYPES = YES;
				CLANG_WARN_SUSPICIOUS_MOVE = YES;
				CLANG_WARN_UNGUARDED_AVAILABILITY = YES_AGGRESSIVE;
				CLANG_WARN_UNREACHABLE_CODE = YES;
				CLANG_WARN__DUPLICATE_METHOD_MATCH = YES;
				COPY_PHASE_STRIP = NO;
				DEBUG_INFORMATION_FORMAT = "dwarf-with-dsym";
				ENABLE_NS_ASSERTIONS = NO;
				ENABLE_STRICT_OBJC_MSGSEND = YES;
				ENABLE_USER_SCRIPT_SANDBOXING = YES;
				GCC_C_LANGUAGE_STANDARD = gnu17;
				GCC_NO_COMMON_BLOCKS = YES;
				GCC_WARN_64_TO_32_BIT_CONVERSION = YES;
				GCC_WARN_ABOUT_RETURN_TYPE = YES_ERROR;
				GCC_WARN_UNDECLARED_SELECTOR = YES;
				GCC_WARN_UNINITIALIZED_AUTOS = YES_AGGRESSIVE;
				GCC_WARN_UNUSED_FUNCTION = YES;
				GCC_WARN_UNUSED_VARIABLE = YES;
				IPHONEOS_DEPLOYMENT_TARGET = 17.4;
				LOCALIZATION_PREFERS_STRING_CATALOGS = YES;
				MTL_ENABLE_DEBUG_INFO = NO;
				MTL_FAST_MATH = YES;
				SDKROOT = iphoneos;
				SWIFT_COMPILATION_MODE = wholemodule;
				VALIDATE_PRODUCT = YES;
			};
			name = Release;
		};
		234D77E42BAB5B090063AFD6 /* Debug */ = {
			isa = XCBuildConfiguration;
			buildSettings = {
				ASSETCATALOG_COMPILER_APPICON_NAME = AppIcon;
				ASSETCATALOG_COMPILER_GLOBAL_ACCENT_COLOR_NAME = AccentColor;
				CODE_SIGN_STYLE = Automatic;
				CURRENT_PROJECT_VERSION = 1;
				DEVELOPMENT_ASSET_PATHS = "\"CoinGeko/Preview Content\"";
				DEVELOPMENT_TEAM = B8VLRHF5DU;
				ENABLE_PREVIEWS = YES;
				GENERATE_INFOPLIST_FILE = YES;
				INFOPLIST_KEY_UIApplicationSceneManifest_Generation = YES;
				INFOPLIST_KEY_UIApplicationSupportsIndirectInputEvents = YES;
				INFOPLIST_KEY_UILaunchScreen_Generation = YES;
				INFOPLIST_KEY_UISupportedInterfaceOrientations_iPad = "UIInterfaceOrientationPortrait UIInterfaceOrientationPortraitUpsideDown UIInterfaceOrientationLandscapeLeft UIInterfaceOrientationLandscapeRight";
				INFOPLIST_KEY_UISupportedInterfaceOrientations_iPhone = "UIInterfaceOrientationPortrait UIInterfaceOrientationLandscapeLeft UIInterfaceOrientationLandscapeRight";
				LD_RUNPATH_SEARCH_PATHS = (
					"$(inherited)",
					"@executable_path/Frameworks",
				);
				MARKETING_VERSION = 1.0;
				PRODUCT_BUNDLE_IDENTIFIER = com.robert.rs.CoinGeko;
				PRODUCT_NAME = "$(TARGET_NAME)";
				SWIFT_EMIT_LOC_STRINGS = YES;
				SWIFT_VERSION = 5.0;
				TARGETED_DEVICE_FAMILY = "1,2";
			};
			name = Debug;
		};
		234D77E52BAB5B090063AFD6 /* Release */ = {
			isa = XCBuildConfiguration;
			buildSettings = {
				ASSETCATALOG_COMPILER_APPICON_NAME = AppIcon;
				ASSETCATALOG_COMPILER_GLOBAL_ACCENT_COLOR_NAME = AccentColor;
				CODE_SIGN_STYLE = Automatic;
				CURRENT_PROJECT_VERSION = 1;
				DEVELOPMENT_ASSET_PATHS = "\"CoinGeko/Preview Content\"";
				DEVELOPMENT_TEAM = B8VLRHF5DU;
				ENABLE_PREVIEWS = YES;
				GENERATE_INFOPLIST_FILE = YES;
				INFOPLIST_KEY_UIApplicationSceneManifest_Generation = YES;
				INFOPLIST_KEY_UIApplicationSupportsIndirectInputEvents = YES;
				INFOPLIST_KEY_UILaunchScreen_Generation = YES;
				INFOPLIST_KEY_UISupportedInterfaceOrientations_iPad = "UIInterfaceOrientationPortrait UIInterfaceOrientationPortraitUpsideDown UIInterfaceOrientationLandscapeLeft UIInterfaceOrientationLandscapeRight";
				INFOPLIST_KEY_UISupportedInterfaceOrientations_iPhone = "UIInterfaceOrientationPortrait UIInterfaceOrientationLandscapeLeft UIInterfaceOrientationLandscapeRight";
				LD_RUNPATH_SEARCH_PATHS = (
					"$(inherited)",
					"@executable_path/Frameworks",
				);
				MARKETING_VERSION = 1.0;
				PRODUCT_BUNDLE_IDENTIFIER = com.robert.rs.CoinGeko;
				PRODUCT_NAME = "$(TARGET_NAME)";
				SWIFT_EMIT_LOC_STRINGS = YES;
				SWIFT_VERSION = 5.0;
				TARGETED_DEVICE_FAMILY = "1,2";
			};
			name = Release;
		};
/* End XCBuildConfiguration section */

/* Begin XCConfigurationList section */
		234D77CE2BAB5B080063AFD6 /* Build configuration list for PBXProject "CoinGeko" */ = {
			isa = XCConfigurationList;
			buildConfigurations = (
				234D77E12BAB5B090063AFD6 /* Debug */,
				234D77E22BAB5B090063AFD6 /* Release */,
			);
			defaultConfigurationIsVisible = 0;
			defaultConfigurationName = Release;
		};
		234D77E32BAB5B090063AFD6 /* Build configuration list for PBXNativeTarget "CoinGeko" */ = {
			isa = XCConfigurationList;
			buildConfigurations = (
				234D77E42BAB5B090063AFD6 /* Debug */,
				234D77E52BAB5B090063AFD6 /* Release */,
			);
			defaultConfigurationIsVisible = 0;
			defaultConfigurationName = Release;
		};
/* End XCConfigurationList section */
	};
	rootObject = 234D77CB2BAB5B080063AFD6 /* Project object */;
}
